
Microsoft Visual Studio Solution File, Format Version 12.00
# Visual Studio Version 17
VisualStudioVersion = 17.13.35828.75
MinimumVisualStudioVersion = 10.0.40219.1
Project("{FAE04EC0-301F-11D3-BF4B-00C04F79EFBC}") = "KazanNeft.Database", "KazanNeft.Database\KazanNeft.Database.csproj", "{9A1C0274-75B5-4584-847F-9141B237DFEA}"
EndProject
Project("{FAE04EC0-301F-11D3-BF4B-00C04F79EFBC}") = "KazanNeft.Models", "KazanNeft.Models\KazanNeft.Models.csproj", "{7236B54D-A540-48E4-AC5E-2518E0BEF1C7}"
EndProject
Project("{FAE04EC0-301F-11D3-BF4B-00C04F79EFBC}") = "KazanNeft_Desktop", "KazanNeft_Desktop\KazanNeft_Desktop.csproj", "{2E290200-15C6-47DD-9589-CC28D76AFAC0}"
EndProject
Global
	GlobalSection(SolutionConfigurationPlatforms) = preSolution
		Debug|Any CPU = Debug|Any CPU
		Release|Any CPU = Release|Any CPU
	EndGlobalSection
	GlobalSection(ProjectConfigurationPlatforms) = postSolution
		{9A1C0274-75B5-4584-847F-9141B237DFEA}.Debug|Any CPU.ActiveCfg = Debug|Any CPU
		{9A1C0274-75B5-4584-847F-9141B237DFEA}.Debug|Any CPU.Build.0 = Debug|Any CPU
		{9A1C0274-75B5-4584-847F-9141B237DFEA}.Release|Any CPU.ActiveCfg = Release|Any CPU
		{9A1C0274-75B5-4584-847F-9141B237DFEA}.Release|Any CPU.Build.0 = Release|Any CPU
		{7236B54D-A540-48E4-AC5E-2518E0BEF1C7}.Debug|Any CPU.ActiveCfg = Debug|Any CPU
		{7236B54D-A540-48E4-AC5E-2518E0BEF1C7}.Debug|Any CPU.Build.0 = Debug|Any CPU
		{7236B54D-A540-48E4-AC5E-2518E0BEF1C7}.Release|Any CPU.ActiveCfg = Release|Any CPU
		{7236B54D-A540-48E4-AC5E-2518E0BEF1C7}.Release|Any CPU.Build.0 = Release|Any CPU
		{2E290200-15C6-47DD-9589-CC28D76AFAC0}.Debug|Any CPU.ActiveCfg = Debug|Any CPU
		{2E290200-15C6-47DD-9589-CC28D76AFAC0}.Debug|Any CPU.Build.0 = Debug|Any CPU
		{2E290200-15C6-47DD-9589-CC28D76AFAC0}.Release|Any CPU.ActiveCfg = Release|Any CPU
		{2E290200-15C6-47DD-9589-CC28D76AFAC0}.Release|Any CPU.Build.0 = Release|Any CPU
	EndGlobalSection
	GlobalSection(SolutionProperties) = preSolution
		HideSolutionNode = FALSE
	EndGlobalSection
	GlobalSection(ExtensibilityGlobals) = postSolution
		SolutionGuid = {0075C92A-9AEE-460D-A009-12DD4840E361}
	EndGlobalSection
EndGlobal
